lockfileVersion: '9.0'

settings:
  autoInstallPeers: true
  excludeLinksFromLockfile: false

importers:

  .:
    dependencies:
      '@better-auth/stripe':
        specifier: ^1.2.7
        version: 1.2.7
      better-auth:
        specifier: ^1.2.7
        version: 1.2.7
      mongodb:
        specifier: ^6.16.0
        version: 6.16.0
      next:
        specifier: 15.4.7
        version: 15.4.7(react-dom@19.1.0(react@19.1.0))(react@19.1.0)
      react:
        specifier: ^19.0.0
        version: 19.1.0
      react-dom:
        specifier: ^19.0.0
        version: 19.1.0(react@19.1.0)
      stripe:
        specifier: 17.7.0
        version: 17.7.0
    devDependencies:
      '@tailwindcss/postcss':
        specifier: ^4
        version: 4.1.5
      '@types/node':
        specifier: ^20
        version: 20.17.32
      '@types/react':
        specifier: ^19
        version: 19.1.2
      '@types/react-dom':
        specifier: ^19
        version: 19.1.3(@types/react@19.1.2)
      tailwindcss:
        specifier: ^4
        version: 4.1.5
      typescript:
        specifier: ^5
        version: 5.8.3

packages:

  '@alloc/quick-lru@5.2.0':
    resolution: {integrity: sha512-UrcABB+4bUrFABwbluTIBErXwvbsU/V7TZWfmbgJfbkwiBuziS9gxdODUyuiecfdGQ85jglMW6juS3+z5TsKLw==}
    engines: {node: '>=10'}

  '@better-auth/stripe@1.2.7':
    resolution: {integrity: sha512-MPZ9dSSHPiFfa4KCACu3AzbCjfqEDZM9tWJZYU5W4vUrmt1izzDOfTXH0gALKN0CXZM4yQImGeafy3h9nqK0ww==}

  '@better-auth/utils@0.2.4':
    resolution: {integrity: sha512-ayiX87Xd5sCHEplAdeMgwkA0FgnXsEZBgDn890XHHwSWNqqRZDYOq3uj2Ei2leTv1I2KbG5HHn60Ah1i2JWZjQ==}

  '@better-fetch/fetch@1.1.18':
    resolution: {integrity: sha512-rEFOE1MYIsBmoMJtQbl32PGHHXuG2hDxvEd7rUHE0vCBoFQVSDqaVs9hkZEtHCxRoY+CljXKFCOuJ8uxqw1LcA==}

  '@emnapi/runtime@1.5.0':
    resolution: {integrity: sha512-97/BJ3iXHww3djw6hYIfErCZFee7qCtrneuLa20UXFCOTCfBM2cvQHjWJ2EG0s0MtdNwInarqCTz35i4wWXHsQ==}

  '@hexagon/base64@1.1.28':
    resolution: {integrity: sha512-lhqDEAvWixy3bZ+UOYbPwUbBkwBq5C1LAJ/xPC8Oi+lL54oyakv/npbA0aU2hgCsx/1NUd4IBvV03+aUBWxerw==}

  '@img/sharp-darwin-arm64@0.34.3':
    resolution: {integrity: sha512-ryFMfvxxpQRsgZJqBd4wsttYQbCxsJksrv9Lw/v798JcQ8+w84mBWuXwl+TT0WJ/WrYOLaYpwQXi3sA9nTIaIg==}
    engines: {node: ^18.17.0 || ^20.3.0 || >=21.0.0}
    cpu: [arm64]
    os: [darwin]

  '@img/sharp-darwin-x64@0.34.3':
    resolution: {integrity: sha512-yHpJYynROAj12TA6qil58hmPmAwxKKC7reUqtGLzsOHfP7/rniNGTL8tjWX6L3CTV4+5P4ypcS7Pp+7OB+8ihA==}
    engines: {node: ^18.17.0 || ^20.3.0 || >=21.0.0}
    cpu: [x64]
    os: [darwin]

  '@img/sharp-libvips-darwin-arm64@1.2.0':
    resolution: {integrity: sha512-sBZmpwmxqwlqG9ueWFXtockhsxefaV6O84BMOrhtg/YqbTaRdqDE7hxraVE3y6gVM4eExmfzW4a8el9ArLeEiQ==}
    cpu: [arm64]
    os: [darwin]

  '@img/sharp-libvips-darwin-x64@1.2.0':
    resolution: {integrity: sha512-M64XVuL94OgiNHa5/m2YvEQI5q2cl9d/wk0qFTDVXcYzi43lxuiFTftMR1tOnFQovVXNZJ5TURSDK2pNe9Yzqg==}
    cpu: [x64]
    os: [darwin]

  '@img/sharp-libvips-linux-arm64@1.2.0':
    resolution: {integrity: sha512-RXwd0CgG+uPRX5YYrkzKyalt2OJYRiJQ8ED/fi1tq9WQW2jsQIn0tqrlR5l5dr/rjqq6AHAxURhj2DVjyQWSOA==}
    cpu: [arm64]
    os: [linux]

  '@img/sharp-libvips-linux-arm@1.2.0':
    resolution: {integrity: sha512-mWd2uWvDtL/nvIzThLq3fr2nnGfyr/XMXlq8ZJ9WMR6PXijHlC3ksp0IpuhK6bougvQrchUAfzRLnbsen0Cqvw==}
    cpu: [arm]
    os: [linux]

  '@img/sharp-libvips-linux-ppc64@1.2.0':
    resolution: {integrity: sha512-Xod/7KaDDHkYu2phxxfeEPXfVXFKx70EAFZ0qyUdOjCcxbjqyJOEUpDe6RIyaunGxT34Anf9ue/wuWOqBW2WcQ==}
    cpu: [ppc64]
    os: [linux]

  '@img/sharp-libvips-linux-s390x@1.2.0':
    resolution: {integrity: sha512-eMKfzDxLGT8mnmPJTNMcjfO33fLiTDsrMlUVcp6b96ETbnJmd4uvZxVJSKPQfS+odwfVaGifhsB07J1LynFehw==}
    cpu: [s390x]
    os: [linux]

  '@img/sharp-libvips-linux-x64@1.2.0':
    resolution: {integrity: sha512-ZW3FPWIc7K1sH9E3nxIGB3y3dZkpJlMnkk7z5tu1nSkBoCgw2nSRTFHI5pB/3CQaJM0pdzMF3paf9ckKMSE9Tg==}
    cpu: [x64]
    os: [linux]

  '@img/sharp-libvips-linuxmusl-arm64@1.2.0':
    resolution: {integrity: sha512-UG+LqQJbf5VJ8NWJ5Z3tdIe/HXjuIdo4JeVNADXBFuG7z9zjoegpzzGIyV5zQKi4zaJjnAd2+g2nna8TZvuW9Q==}
    cpu: [arm64]
    os: [linux]

  '@img/sharp-libvips-linuxmusl-x64@1.2.0':
    resolution: {integrity: sha512-SRYOLR7CXPgNze8akZwjoGBoN1ThNZoqpOgfnOxmWsklTGVfJiGJoC/Lod7aNMGA1jSsKWM1+HRX43OP6p9+6Q==}
    cpu: [x64]
    os: [linux]

  '@img/sharp-linux-arm64@0.34.3':
    resolution: {integrity: sha512-QdrKe3EvQrqwkDrtuTIjI0bu6YEJHTgEeqdzI3uWJOH6G1O8Nl1iEeVYRGdj1h5I21CqxSvQp1Yv7xeU3ZewbA==}
    engines: {node: ^18.17.0 || ^20.3.0 || >=21.0.0}
    cpu: [arm64]
    os: [linux]

  '@img/sharp-linux-arm@0.34.3':
    resolution: {integrity: sha512-oBK9l+h6KBN0i3dC8rYntLiVfW8D8wH+NPNT3O/WBHeW0OQWCjfWksLUaPidsrDKpJgXp3G3/hkmhptAW0I3+A==}
    engines: {node: ^18.17.0 || ^20.3.0 || >=21.0.0}
    cpu: [arm]
    os: [linux]

  '@img/sharp-linux-ppc64@0.34.3':
    resolution: {integrity: sha512-GLtbLQMCNC5nxuImPR2+RgrviwKwVql28FWZIW1zWruy6zLgA5/x2ZXk3mxj58X/tszVF69KK0Is83V8YgWhLA==}
    engines: {node: ^18.17.0 || ^20.3.0 || >=21.0.0}
    cpu: [ppc64]
    os: [linux]

  '@img/sharp-linux-s390x@0.34.3':
    resolution: {integrity: sha512-3gahT+A6c4cdc2edhsLHmIOXMb17ltffJlxR0aC2VPZfwKoTGZec6u5GrFgdR7ciJSsHT27BD3TIuGcuRT0KmQ==}
    engines: {node: ^18.17.0 || ^20.3.0 || >=21.0.0}
    cpu: [s390x]
    os: [linux]

  '@img/sharp-linux-x64@0.34.3':
    resolution: {integrity: sha512-8kYso8d806ypnSq3/Ly0QEw90V5ZoHh10yH0HnrzOCr6DKAPI6QVHvwleqMkVQ0m+fc7EH8ah0BB0QPuWY6zJQ==}
    engines: {node: ^18.17.0 || ^20.3.0 || >=21.0.0}
    cpu: [x64]
    os: [linux]

  '@img/sharp-linuxmusl-arm64@0.34.3':
    resolution: {integrity: sha512-vAjbHDlr4izEiXM1OTggpCcPg9tn4YriK5vAjowJsHwdBIdx0fYRsURkxLG2RLm9gyBq66gwtWI8Gx0/ov+JKQ==}
    engines: {node: ^18.17.0 || ^20.3.0 || >=21.0.0}
    cpu: [arm64]
    os: [linux]

  '@img/sharp-linuxmusl-x64@0.34.3':
    resolution: {integrity: sha512-gCWUn9547K5bwvOn9l5XGAEjVTTRji4aPTqLzGXHvIr6bIDZKNTA34seMPgM0WmSf+RYBH411VavCejp3PkOeQ==}
    engines: {node: ^18.17.0 || ^20.3.0 || >=21.0.0}
    cpu: [x64]
    os: [linux]

  '@img/sharp-wasm32@0.34.3':
    resolution: {integrity: sha512-+CyRcpagHMGteySaWos8IbnXcHgfDn7pO2fiC2slJxvNq9gDipYBN42/RagzctVRKgxATmfqOSulgZv5e1RdMg==}
    engines: {node: ^18.17.0 || ^20.3.0 || >=21.0.0}
    cpu: [wasm32]

  '@img/sharp-win32-arm64@0.34.3':
    resolution: {integrity: sha512-MjnHPnbqMXNC2UgeLJtX4XqoVHHlZNd+nPt1kRPmj63wURegwBhZlApELdtxM2OIZDRv/DFtLcNhVbd1z8GYXQ==}
    engines: {node: ^18.17.0 || ^20.3.0 || >=21.0.0}
    cpu: [arm64]
    os: [win32]

  '@img/sharp-win32-ia32@0.34.3':
    resolution: {integrity: sha512-xuCdhH44WxuXgOM714hn4amodJMZl3OEvf0GVTm0BEyMeA2to+8HEdRPShH0SLYptJY1uBw+SCFP9WVQi1Q/cw==}
    engines: {node: ^18.17.0 || ^20.3.0 || >=21.0.0}
    cpu: [ia32]
    os: [win32]

  '@img/sharp-win32-x64@0.34.3':
    resolution: {integrity: sha512-OWwz05d++TxzLEv4VnsTz5CmZ6mI6S05sfQGEMrNrQcOEERbX46332IvE7pO/EUiw7jUrrS40z/M7kPyjfl04g==}
    engines: {node: ^18.17.0 || ^20.3.0 || >=21.0.0}
    cpu: [x64]
    os: [win32]

  '@levischuck/tiny-cbor@0.2.11':
    resolution: {integrity: sha512-llBRm4dT4Z89aRsm6u2oEZ8tfwL/2l6BwpZ7JcyieouniDECM5AqNgr/y08zalEIvW3RSK4upYyybDcmjXqAow==}

  '@mongodb-js/saslprep@1.2.2':
    resolution: {integrity: sha512-EB0O3SCSNRUFk66iRCpI+cXzIjdswfCs7F6nOC3RAGJ7xr5YhaicvsRwJ9eyzYvYRlCSDUO/c7g4yNulxKC1WA==}

  '@next/env@15.4.7':
    resolution: {integrity: sha512-PrBIpO8oljZGTOe9HH0miix1w5MUiGJ/q83Jge03mHEE0E3pyqzAy2+l5G6aJDbXoobmxPJTVhbCuwlLtjSHwg==}

  '@next/swc-darwin-arm64@15.4.7':
    resolution: {integrity: sha512-2Dkb+VUTp9kHHkSqtws4fDl2Oxms29HcZBwFIda1X7Ztudzy7M6XF9HDS2dq85TmdN47VpuhjE+i6wgnIboVzQ==}
    engines: {node: '>= 10'}
    cpu: [arm64]
    os: [darwin]

  '@next/swc-darwin-x64@15.4.7':
    resolution: {integrity: sha512-qaMnEozKdWezlmh1OGDVFueFv2z9lWTcLvt7e39QA3YOvZHNpN2rLs/IQLwZaUiw2jSvxW07LxMCWtOqsWFNQg==}
    engines: {node: '>= 10'}
    cpu: [x64]
    os: [darwin]

  '@next/swc-linux-arm64-gnu@15.4.7':
    resolution: {integrity: sha512-ny7lODPE7a15Qms8LZiN9wjNWIeI+iAZOFDOnv2pcHStncUr7cr9lD5XF81mdhrBXLUP9yT9RzlmSWKIazWoDw==}
    engines: {node: '>= 10'}
    cpu: [arm64]
    os: [linux]

  '@next/swc-linux-arm64-musl@15.4.7':
    resolution: {integrity: sha512-4SaCjlFR/2hGJqZLLWycccy1t+wBrE/vyJWnYaZJhUVHccpGLG5q0C+Xkw4iRzUIkE+/dr90MJRUym3s1+vO8A==}
    engines: {node: '>= 10'}
    cpu: [arm64]
    os: [linux]

  '@next/swc-linux-x64-gnu@15.4.7':
    resolution: {integrity: sha512-2uNXjxvONyRidg00VwvlTYDwC9EgCGNzPAPYbttIATZRxmOZ3hllk/YYESzHZb65eyZfBR5g9xgCZjRAl9YYGg==}
    engines: {node: '>= 10'}
    cpu: [x64]
    os: [linux]

  '@next/swc-linux-x64-musl@15.4.7':
    resolution: {integrity: sha512-ceNbPjsFgLscYNGKSu4I6LYaadq2B8tcK116nVuInpHHdAWLWSwVK6CHNvCi0wVS9+TTArIFKJGsEyVD1H+4Kg==}
    engines: {node: '>= 10'}
    cpu: [x64]
    os: [linux]

  '@next/swc-win32-arm64-msvc@15.4.7':
    resolution: {integrity: sha512-pZyxmY1iHlZJ04LUL7Css8bNvsYAMYOY9JRwFA3HZgpaNKsJSowD09Vg2R9734GxAcLJc2KDQHSCR91uD6/AAw==}
    engines: {node: '>= 10'}
    cpu: [arm64]
    os: [win32]

  '@next/swc-win32-x64-msvc@15.4.7':
    resolution: {integrity: sha512-HjuwPJ7BeRzgl3KrjKqD2iDng0eQIpIReyhpF5r4yeAHFwWRuAhfW92rWv/r3qeQHEwHsLRzFDvMqRjyM5DI6A==}
    engines: {node: '>= 10'}
    cpu: [x64]
    os: [win32]

  '@noble/ciphers@0.6.0':
    resolution: {integrity: sha512-mIbq/R9QXk5/cTfESb1OKtyFnk7oc1Om/8onA1158K9/OZUQFDEVy55jVTato+xmp3XX6F6Qh0zz0Nc1AxAlRQ==}

  '@noble/hashes@1.8.0':
    resolution: {integrity: sha512-jCs9ldd7NwzpgXDIf6P3+NrHh9/sD6CQdxHyjQI+h/6rDNo88ypBxxz45UDuZHz9r3tNz7N/VInSVoVdtXEI4A==}
    engines: {node: ^14.21.3 || >=16}

  '@peculiar/asn1-android@2.3.16':
    resolution: {integrity: sha512-a1viIv3bIahXNssrOIkXZIlI2ePpZaNmR30d4aBL99mu2rO+mT9D6zBsp7H6eROWGtmwv0Ionp5olJurIo09dw==}

  '@peculiar/asn1-ecc@2.3.15':
    resolution: {integrity: sha512-/HtR91dvgog7z/WhCVdxZJ/jitJuIu8iTqiyWVgRE9Ac5imt2sT/E4obqIVGKQw7PIy+X6i8lVBoT6wC73XUgA==}

  '@peculiar/asn1-rsa@2.3.15':
    resolution: {integrity: sha512-p6hsanvPhexRtYSOHihLvUUgrJ8y0FtOM97N5UEpC+VifFYyZa0iZ5cXjTkZoDwxJ/TTJ1IJo3HVTB2JJTpXvg==}

  '@peculiar/asn1-schema@2.3.15':
    resolution: {integrity: sha512-QPeD8UA8axQREpgR5UTAfu2mqQmm97oUqahDtNdBcfj3qAnoXzFdQW+aNf/tD2WVXF8Fhmftxoj0eMIT++gX2w==}

  '@peculiar/asn1-x509@2.3.15':
    resolution: {integrity: sha512-0dK5xqTqSLaxv1FHXIcd4Q/BZNuopg+u1l23hT9rOmQ1g4dNtw0g/RnEi+TboB0gOwGtrWn269v27cMgchFIIg==}

  '@simplewebauthn/browser@13.1.0':
    resolution: {integrity: sha512-WuHZ/PYvyPJ9nxSzgHtOEjogBhwJfC8xzYkPC+rR/+8chl/ft4ngjiK8kSU5HtRJfczupyOh33b25TjYbvwAcg==}

  '@simplewebauthn/server@13.1.1':
    resolution: {integrity: sha512-1hsLpRHfSuMB9ee2aAdh0Htza/X3f4djhYISrggqGe3xopNjOcePiSDkDDoPzDYaaMCrbqGP1H2TYU7bgL9PmA==}
    engines: {node: '>=20.0.0'}

  '@swc/helpers@0.5.15':
    resolution: {integrity: sha512-JQ5TuMi45Owi4/BIMAJBoSQoOJu12oOk/gADqlcUL9JEdHB8vyjUSsxqeNXnmXHjYKMi2WcYtezGEEhqUI/E2g==}

  '@tailwindcss/node@4.1.5':
    resolution: {integrity: sha512-CBhSWo0vLnWhXIvpD0qsPephiaUYfHUX3U9anwDaHZAeuGpTiB3XmsxPAN6qX7bFhipyGBqOa1QYQVVhkOUGxg==}

  '@tailwindcss/oxide-android-arm64@4.1.5':
    resolution: {integrity: sha512-LVvM0GirXHED02j7hSECm8l9GGJ1RfgpWCW+DRn5TvSaxVsv28gRtoL4aWKGnXqwvI3zu1GABeDNDVZeDPOQrw==}
    engines: {node: '>= 10'}
    cpu: [arm64]
    os: [android]

  '@tailwindcss/oxide-darwin-arm64@4.1.5':
    resolution: {integrity: sha512-//TfCA3pNrgnw4rRJOqavW7XUk8gsg9ddi8cwcsWXp99tzdBAZW0WXrD8wDyNbqjW316Pk2hiN/NJx/KWHl8oA==}
    engines: {node: '>= 10'}
    cpu: [arm64]
    os: [darwin]

  '@tailwindcss/oxide-darwin-x64@4.1.5':
    resolution: {integrity: sha512-XQorp3Q6/WzRd9OalgHgaqgEbjP3qjHrlSUb5k1EuS1Z9NE9+BbzSORraO+ecW432cbCN7RVGGL/lSnHxcd+7Q==}
    engines: {node: '>= 10'}
    cpu: [x64]
    os: [darwin]

  '@tailwindcss/oxide-freebsd-x64@4.1.5':
    resolution: {integrity: sha512-bPrLWbxo8gAo97ZmrCbOdtlz/Dkuy8NK97aFbVpkJ2nJ2Jo/rsCbu0TlGx8joCuA3q6vMWTSn01JY46iwG+clg==}
    engines: {node: '>= 10'}
    cpu: [x64]
    os: [freebsd]

  '@tailwindcss/oxide-linux-arm-gnueabihf@4.1.5':
    resolution: {integrity: sha512-1gtQJY9JzMAhgAfvd/ZaVOjh/Ju/nCoAsvOVJenWZfs05wb8zq+GOTnZALWGqKIYEtyNpCzvMk+ocGpxwdvaVg==}
    engines: {node: '>= 10'}
    cpu: [arm]
    os: [linux]

  '@tailwindcss/oxide-linux-arm64-gnu@4.1.5':
    resolution: {integrity: sha512-dtlaHU2v7MtdxBXoqhxwsWjav7oim7Whc6S9wq/i/uUMTWAzq/gijq1InSgn2yTnh43kR+SFvcSyEF0GCNu1PQ==}
    engines: {node: '>= 10'}
    cpu: [arm64]
    os: [linux]

  '@tailwindcss/oxide-linux-arm64-musl@4.1.5':
    resolution: {integrity: sha512-fg0F6nAeYcJ3CriqDT1iVrqALMwD37+sLzXs8Rjy8Z1ZHshJoYceodfyUwGJEsQoTyWbliFNRs2wMQNXtT7MVA==}
    engines: {node: '>= 10'}
    cpu: [arm64]
    os: [linux]

  '@tailwindcss/oxide-linux-x64-gnu@4.1.5':
    resolution: {integrity: sha512-SO+F2YEIAHa1AITwc8oPwMOWhgorPzzcbhWEb+4oLi953h45FklDmM8dPSZ7hNHpIk9p/SCZKUYn35t5fjGtHA==}
    engines: {node: '>= 10'}
    cpu: [x64]
    os: [linux]

  '@tailwindcss/oxide-linux-x64-musl@4.1.5':
    resolution: {integrity: sha512-6UbBBplywkk/R+PqqioskUeXfKcBht3KU7juTi1UszJLx0KPXUo10v2Ok04iBJIaDPkIFkUOVboXms5Yxvaz+g==}
    engines: {node: '>= 10'}
    cpu: [x64]
    os: [linux]

  '@tailwindcss/oxide-wasm32-wasi@4.1.5':
    resolution: {integrity: sha512-hwALf2K9FHuiXTPqmo1KeOb83fTRNbe9r/Ixv9ZNQ/R24yw8Ge1HOWDDgTdtzntIaIUJG5dfXCf4g9AD4RiyhQ==}
    engines: {node: '>=14.0.0'}
    cpu: [wasm32]
    bundledDependencies:
      - '@napi-rs/wasm-runtime'
      - '@emnapi/core'
      - '@emnapi/runtime'
      - '@tybys/wasm-util'
      - '@emnapi/wasi-threads'
      - tslib

  '@tailwindcss/oxide-win32-arm64-msvc@4.1.5':
    resolution: {integrity: sha512-oDKncffWzaovJbkuR7/OTNFRJQVdiw/n8HnzaCItrNQUeQgjy7oUiYpsm9HUBgpmvmDpSSbGaCa2Evzvk3eFmA==}
    engines: {node: '>= 10'}
    cpu: [arm64]
    os: [win32]

  '@tailwindcss/oxide-win32-x64-msvc@4.1.5':
    resolution: {integrity: sha512-WiR4dtyrFdbb+ov0LK+7XsFOsG+0xs0PKZKkt41KDn9jYpO7baE3bXiudPVkTqUEwNfiglCygQHl2jklvSBi7Q==}
    engines: {node: '>= 10'}
    cpu: [x64]
    os: [win32]

  '@tailwindcss/oxide@4.1.5':
    resolution: {integrity: sha512-1n4br1znquEvyW/QuqMKQZlBen+jxAbvyduU87RS8R3tUSvByAkcaMTkJepNIrTlYhD+U25K4iiCIxE6BGdRYA==}
    engines: {node: '>= 10'}

  '@tailwindcss/postcss@4.1.5':
    resolution: {integrity: sha512-5lAC2/pzuyfhsFgk6I58HcNy6vPK3dV/PoPxSDuOTVbDvCddYHzHiJZZInGIY0venvzzfrTEUAXJFULAfFmObg==}

  '@types/node@20.17.32':
    resolution: {integrity: sha512-zeMXFn8zQ+UkjK4ws0RiOC9EWByyW1CcVmLe+2rQocXRsGEDxUCwPEIVgpsGcLHS/P8JkT0oa3839BRABS0oPw==}

  '@types/react-dom@19.1.3':
    resolution: {integrity: sha512-rJXC08OG0h3W6wDMFxQrZF00Kq6qQvw0djHRdzl3U5DnIERz0MRce3WVc7IS6JYBwtaP/DwYtRRjVlvivNveKg==}
    peerDependencies:
      '@types/react': ^19.0.0

  '@types/react@19.1.2':
    resolution: {integrity: sha512-oxLPMytKchWGbnQM9O7D67uPa9paTNxO7jVoNMXgkkErULBPhPARCfkKL9ytcIJJRGjbsVwW4ugJzyFFvm/Tiw==}

  '@types/webidl-conversions@7.0.3':
    resolution: {integrity: sha512-CiJJvcRtIgzadHCYXw7dqEnMNRjhGZlYK05Mj9OyktqV8uVT8fD2BFOB7S1uwBE3Kj2Z+4UyPmFw/Ixgw/LAlA==}

  '@types/whatwg-url@11.0.5':
    resolution: {integrity: sha512-coYR071JRaHa+xoEvvYqvnIHaVqaYrLPbsufM9BF63HkwI5Lgmy2QR8Q5K/lYDYo5AK82wOvSOS0UsLTpTG7uQ==}

  asn1js@3.0.6:
    resolution: {integrity: sha512-UOCGPYbl0tv8+006qks/dTgV9ajs97X2p0FAbyS2iyCRrmLSRolDaHdp+v/CLgnzHc3fVB+CwYiUmei7ndFcgA==}
    engines: {node: '>=12.0.0'}

  better-auth@1.2.7:
    resolution: {integrity: sha512-2hCB263GSrgetsMUZw8vv9O1e4S4AlYJW3P4e8bX9u3Q3idv4u9BzDFCblpTLuL4YjYovghMCN0vurAsctXOAQ==}

  better-call@1.0.9:
    resolution: {integrity: sha512-Qfm0gjk0XQz0oI7qvTK1hbqTsBY4xV2hsHAxF8LZfUYl3RaECCIifXuVqtPpZJWvlCCMlQSvkvhhyuApGUba6g==}

  bson@6.10.3:
    resolution: {integrity: sha512-MTxGsqgYTwfshYWTRdmZRC+M7FnG1b4y7RO7p2k3X24Wq0yv1m77Wsj0BzlPzd/IowgESfsruQCUToa7vbOpPQ==}
    engines: {node: '>=16.20.1'}

  call-bind-apply-helpers@1.0.2:
    resolution: {integrity: sha512-Sp1ablJ0ivDkSzjcaJdxEunN5/XvksFJ2sMBFfq6x0ryhQV/2b/KwFe21cMpmHtPOSij8K99/wSfoEuTObmuMQ==}
    engines: {node: '>= 0.4'}

  call-bound@1.0.4:
    resolution: {integrity: sha512-+ys997U96po4Kx/ABpBCqhA9EuxJaQWDQg7295H4hBphv3IZg0boBKuwYpt4YXp6MZ5AmZQnU/tyMTlRpaSejg==}
    engines: {node: '>= 0.4'}

  caniuse-lite@1.0.30001737:
    resolution: {integrity: sha512-BiloLiXtQNrY5UyF0+1nSJLXUENuhka2pzy2Fx5pGxqavdrxSCW4U6Pn/PoG3Efspi2frRbHpBV2XsrPE6EDlw==}

  client-only@0.0.1:
    resolution: {integrity: sha512-IV3Ou0jSMzZrd3pZ48nLkT9DA7Ag1pnPzaiQhpW7c3RbcqqzvzzVu+L8gfqMp/8IM2MQtSiqaCxrrcfu8I8rMA==}

  color-convert@2.0.1:
    resolution: {integrity: sha512-RRECPsj7iu/xb5oKYcsFHSppFNnsj/52OVTRKb4zP5onXwVF3zVmmToNcOfGC+CRDpfK/U584fMg38ZHCaElKQ==}
    engines: {node: '>=7.0.0'}

  color-name@1.1.4:
    resolution: {integrity: sha512-dOy+3AuW3a2wNbZHIuMZpTcgjGuLU/uBL/ubcZF9OXbDo8ff4O8yVp5Bf0efS8uEoYo5q4Fx7dY9OgQGXgAsQA==}

  color-string@1.9.1:
    resolution: {integrity: sha512-shrVawQFojnZv6xM40anx4CkoDP+fZsw/ZerEMsW/pyzsRbElpsL/DBVW7q3ExxwusdNXI3lXpuhEZkzs8p5Eg==}

  color@4.2.3:
    resolution: {integrity: sha512-1rXeuUUiGGrykh+CeBdu5Ie7OJwinCgQY0bc7GCRxy5xVHy+moaqkpL/jqQq0MtQOeYcrqEz4abc5f0KtU7W4A==}
    engines: {node: '>=12.5.0'}

  csstype@3.1.3:
    resolution: {integrity: sha512-M1uQkMl8rQK/szD0LNhtqxIPLpimGm8sOBwU7lLnCpSbTyY3yeU1Vc7l4KT5zT4s/yOxHH5O7tIuuLOCnLADRw==}

  defu@6.1.4:
    resolution: {integrity: sha512-mEQCMmwJu317oSz8CwdIOdwf3xMif1ttiM8LTufzc3g6kR+9Pe236twL8j3IYT1F7GfRgGcW6MWxzZjLIkuHIg==}

  detect-libc@2.0.4:
    resolution: {integrity: sha512-3UDv+G9CsCKO1WKMGw9fwq/SWJYbI0c5Y7LU1AXYoDdbhE2AHQ6N6Nb34sG8Fj7T5APy8qXDCKuuIHd1BR0tVA==}
    engines: {node: '>=8'}

  dunder-proto@1.0.1:
    resolution: {integrity: sha512-KIN/nDJBQRcXw0MLVhZE9iQHmG68qAVIBg9CqmUYjmQIhgij9U5MFvrqkUL5FbtyyzZuOeOt0zdeRe4UY7ct+A==}
    engines: {node: '>= 0.4'}

  enhanced-resolve@5.18.1:
    resolution: {integrity: sha512-ZSW3ma5GkcQBIpwZTSRAI8N71Uuwgs93IezB7mf7R60tC8ZbJideoDNKjHn2O9KIlx6rkGTTEk1xUCK2E1Y2Yg==}
    engines: {node: '>=10.13.0'}

  es-define-property@1.0.1:
    resolution: {integrity: sha512-e3nRfgfUZ4rNGL232gUgX06QNyyez04KdjFrF+LTRoOXmrOgFKDg4BCdsjW8EnT69eqdYGmRpJwiPVYNrCaW3g==}
    engines: {node: '>= 0.4'}

  es-errors@1.3.0:
    resolution: {integrity: sha512-Zf5H2Kxt2xjTvbJvP2ZWLEICxA6j+hAmMzIlypy4xcBg1vKVnx89Wy0GbS+kf5cwCVFFzdCFh2XSCFNULS6csw==}
    engines: {node: '>= 0.4'}

  es-object-atoms@1.1.1:
    resolution: {integrity: sha512-FGgH2h8zKNim9ljj7dankFPcICIK9Cp5bm+c2gQSYePhpaG5+esrLODihIorn+Pe6FGJzWhXQotPv73jTaldXA==}
    engines: {node: '>= 0.4'}

  function-bind@1.1.2:
    resolution: {integrity: sha512-7XHNxH7qX9xG5mIwxkhumTox/MIRNcOgDrxWsMt2pAr23WHp6MrRlN7FBSFpCpr+oVO0F744iUgR82nJMfG2SA==}

  get-intrinsic@1.3.0:
    resolution: {integrity: sha512-9fSjSaos/fRIVIp+xSJlE6lfwhES7LNtKaCBIamHsjr2na1BiABJPo0mOjjz8GJDURarmCPGqaiVg5mfjb98CQ==}
    engines: {node: '>= 0.4'}

  get-proto@1.0.1:
    resolution: {integrity: sha512-sTSfBjoXBp89JvIKIefqw7U2CCebsc74kiY6awiGogKtoSGbgjYE/G/+l9sF3MWFPNc9IcoOC4ODfKHfxFmp0g==}
    engines: {node: '>= 0.4'}

  gopd@1.2.0:
    resolution: {integrity: sha512-ZUKRh6/kUFoAiTAtTYPZJ3hw9wNxx+BIBOijnlG9PnrJsCcSjs1wyyD6vJpaYtgnzDrKYRSqf3OO6Rfa93xsRg==}
    engines: {node: '>= 0.4'}

  graceful-fs@4.2.11:
    resolution: {integrity: sha512-RbJ5/jmFcNNCcDV5o9eTnBLJ/HszWV0P73bc+Ff4nS/rJj+YaS6IGyiOL0VoBYX+l1Wrl3k63h/KrH+nhJ0XvQ==}

  has-symbols@1.1.0:
    resolution: {integrity: sha512-1cDNdwJ2Jaohmb3sg4OmKaMBwuC48sYni5HUw2DvsC8LjGTLK9h+eb1X6RyuOHe4hT0ULCW68iomhjUoKUqlPQ==}
    engines: {node: '>= 0.4'}

  hasown@2.0.2:
    resolution: {integrity: sha512-0hJU9SCPvmMzIBdZFqNPXWa6dqh7WdH0cII9y+CyS8rG3nL48Bclra9HmKhVVUHyPWNH5Y7xDwAB7bfgSjkUMQ==}
    engines: {node: '>= 0.4'}

  is-arrayish@0.3.2:
    resolution: {integrity: sha512-eVRqCvVlZbuw3GrM63ovNSNAeA1K16kaR/LRY/92w0zxQ5/1YzwblUX652i4Xs9RwAGjW9d9y6X88t8OaAJfWQ==}

  jiti@2.4.2:
    resolution: {integrity: sha512-rg9zJN+G4n2nfJl5MW3BMygZX56zKPNVEYYqq7adpmMh4Jn2QNEwhvQlFy6jPVdcod7txZtKHWnyZiA3a0zP7A==}
    hasBin: true

  jose@5.10.0:
    resolution: {integrity: sha512-s+3Al/p9g32Iq+oqXxkW//7jk2Vig6FF1CFqzVXoTUXt2qz89YWbL+OwS17NFYEvxC35n0FKeGO2LGYSxeM2Gg==}

  kysely@0.27.6:
    resolution: {integrity: sha512-FIyV/64EkKhJmjgC0g2hygpBv5RNWVPyNCqSAD7eTCv6eFWNIi4PN1UvdSJGicN/o35bnevgis4Y0UDC0qi8jQ==}
    engines: {node: '>=14.0.0'}

  lightningcss-darwin-arm64@1.29.2:
    resolution: {integrity: sha512-cK/eMabSViKn/PG8U/a7aCorpeKLMlK0bQeNHmdb7qUnBkNPnL+oV5DjJUo0kqWsJUapZsM4jCfYItbqBDvlcA==}
    engines: {node: '>= 12.0.0'}
    cpu: [arm64]
    os: [darwin]

  lightningcss-darwin-x64@1.29.2:
    resolution: {integrity: sha512-j5qYxamyQw4kDXX5hnnCKMf3mLlHvG44f24Qyi2965/Ycz829MYqjrVg2H8BidybHBp9kom4D7DR5VqCKDXS0w==}
    engines: {node: '>= 12.0.0'}
    cpu: [x64]
    os: [darwin]

  lightningcss-freebsd-x64@1.29.2:
    resolution: {integrity: sha512-wDk7M2tM78Ii8ek9YjnY8MjV5f5JN2qNVO+/0BAGZRvXKtQrBC4/cn4ssQIpKIPP44YXw6gFdpUF+Ps+RGsCwg==}
    engines: {node: '>= 12.0.0'}
    cpu: [x64]
    os: [freebsd]

  lightningcss-linux-arm-gnueabihf@1.29.2:
    resolution: {integrity: sha512-IRUrOrAF2Z+KExdExe3Rz7NSTuuJ2HvCGlMKoquK5pjvo2JY4Rybr+NrKnq0U0hZnx5AnGsuFHjGnNT14w26sg==}
    engines: {node: '>= 12.0.0'}
    cpu: [arm]
    os: [linux]

  lightningcss-linux-arm64-gnu@1.29.2:
    resolution: {integrity: sha512-KKCpOlmhdjvUTX/mBuaKemp0oeDIBBLFiU5Fnqxh1/DZ4JPZi4evEH7TKoSBFOSOV3J7iEmmBaw/8dpiUvRKlQ==}
    engines: {node: '>= 12.0.0'}
    cpu: [arm64]
    os: [linux]

  lightningcss-linux-arm64-musl@1.29.2:
    resolution: {integrity: sha512-Q64eM1bPlOOUgxFmoPUefqzY1yV3ctFPE6d/Vt7WzLW4rKTv7MyYNky+FWxRpLkNASTnKQUaiMJ87zNODIrrKQ==}
    engines: {node: '>= 12.0.0'}
    cpu: [arm64]
    os: [linux]

  lightningcss-linux-x64-gnu@1.29.2:
    resolution: {integrity: sha512-0v6idDCPG6epLXtBH/RPkHvYx74CVziHo6TMYga8O2EiQApnUPZsbR9nFNrg2cgBzk1AYqEd95TlrsL7nYABQg==}
    engines: {node: '>= 12.0.0'}
    cpu: [x64]
    os: [linux]

  lightningcss-linux-x64-musl@1.29.2:
    resolution: {integrity: sha512-rMpz2yawkgGT8RULc5S4WiZopVMOFWjiItBT7aSfDX4NQav6M44rhn5hjtkKzB+wMTRlLLqxkeYEtQ3dd9696w==}
    engines: {node: '>= 12.0.0'}
    cpu: [x64]
    os: [linux]

  lightningcss-win32-arm64-msvc@1.29.2:
    resolution: {integrity: sha512-nL7zRW6evGQqYVu/bKGK+zShyz8OVzsCotFgc7judbt6wnB2KbiKKJwBE4SGoDBQ1O94RjW4asrCjQL4i8Fhbw==}
    engines: {node: '>= 12.0.0'}
    cpu: [arm64]
    os: [win32]

  lightningcss-win32-x64-msvc@1.29.2:
    resolution: {integrity: sha512-EdIUW3B2vLuHmv7urfzMI/h2fmlnOQBk1xlsDxkN1tCWKjNFjfLhGxYk8C8mzpSfr+A6jFFIi8fU6LbQGsRWjA==}
    engines: {node: '>= 12.0.0'}
    cpu: [x64]
    os: [win32]

  lightningcss@1.29.2:
    resolution: {integrity: sha512-6b6gd/RUXKaw5keVdSEtqFVdzWnU5jMxTUjA2bVcMNPLwSQ08Sv/UodBVtETLCn7k4S1Ibxwh7k68IwLZPgKaA==}
    engines: {node: '>= 12.0.0'}

  math-intrinsics@1.1.0:
    resolution: {integrity: sha512-/IXtbwEk5HTPyEwyKX6hGkYXxM9nbj64B+ilVJnC/R6B0pH5G4V3b0pVbL7DBj4tkhBAppbQUlf6F6Xl9LHu1g==}
    engines: {node: '>= 0.4'}

  memory-pager@1.5.0:
    resolution: {integrity: sha512-ZS4Bp4r/Zoeq6+NLJpP+0Zzm0pR8whtGPf1XExKLJBAczGMnSi3It14OiNCStjQjM6NU1okjQGSxgEZN8eBYKg==}

  mongodb-connection-string-url@3.0.2:
    resolution: {integrity: sha512-rMO7CGo/9BFwyZABcKAWL8UJwH/Kc2x0g72uhDWzG48URRax5TCIcJ7Rc3RZqffZzO/Gwff/jyKwCU9TN8gehA==}

  mongodb@6.16.0:
    resolution: {integrity: sha512-D1PNcdT0y4Grhou5Zi/qgipZOYeWrhLEpk33n3nm6LGtz61jvO88WlrWCK/bigMjpnOdAUKKQwsGIl0NtWMyYw==}
    engines: {node: '>=16.20.1'}
    peerDependencies:
      '@aws-sdk/credential-providers': ^3.188.0
      '@mongodb-js/zstd': ^1.1.0 || ^2.0.0
      gcp-metadata: ^5.2.0
      kerberos: ^2.0.1
      mongodb-client-encryption: '>=6.0.0 <7'
      snappy: ^7.2.2
      socks: ^2.7.1
    peerDependenciesMeta:
      '@aws-sdk/credential-providers':
        optional: true
      '@mongodb-js/zstd':
        optional: true
      gcp-metadata:
        optional: true
      kerberos:
        optional: true
      mongodb-client-encryption:
        optional: true
      snappy:
        optional: true
      socks:
        optional: true

  nanoid@3.3.11:
    resolution: {integrity: sha512-N8SpfPUnUp1bK+PMYW8qSWdl9U+wwNWI4QKxOYDy9JAro3WMX7p2OeVRF9v+347pnakNevPmiHhNmZ2HbFA76w==}
    engines: {node: ^10 || ^12 || ^13.7 || ^14 || >=15.0.1}
    hasBin: true

  nanostores@0.11.4:
    resolution: {integrity: sha512-k1oiVNN4hDK8NcNERSZLQiMfRzEGtfnvZvdBvey3SQbgn8Dcrk0h1I6vpxApjb10PFUflZrgJ2WEZyJQ+5v7YQ==}
    engines: {node: ^18.0.0 || >=20.0.0}

  next@15.4.7:
    resolution: {integrity: sha512-OcqRugwF7n7mC8OSYjvsZhhG1AYSvulor1EIUsIkbbEbf1qoE5EbH36Swj8WhF4cHqmDgkiam3z1c1W0J1Wifg==}
    engines: {node: ^18.18.0 || ^19.8.0 || >= 20.0.0}
    hasBin: true
    peerDependencies:
      '@opentelemetry/api': ^1.1.0
      '@playwright/test': ^1.51.1
      babel-plugin-react-compiler: '*'
      react: ^18.2.0 || 19.0.0-rc-de68d2f4-20241204 || ^19.0.0
      react-dom: ^18.2.0 || 19.0.0-rc-de68d2f4-20241204 || ^19.0.0
      sass: ^1.3.0
    peerDependenciesMeta:
      '@opentelemetry/api':
        optional: true
      '@playwright/test':
        optional: true
      babel-plugin-react-compiler:
        optional: true
      sass:
        optional: true

  object-inspect@1.13.4:
    resolution: {integrity: sha512-W67iLl4J2EXEGTbfeHCffrjDfitvLANg0UlX3wFUUSTx92KXRFegMHUVgSqE+wvhAbi4WqjGg9czysTV2Epbew==}
    engines: {node: '>= 0.4'}

  picocolors@1.1.1:
    resolution: {integrity: sha512-xceH2snhtb5M9liqDsmEw56le376mTZkEX/jEb/RxNFyegNul7eNslCXP9FDj/Lcu0X8KEyMceP2ntpaHrDEVA==}

  postcss@8.4.31:
    resolution: {integrity: sha512-PS08Iboia9mts/2ygV3eLpY5ghnUcfLV/EXTOW1E2qYxJKGGBUtNjN76FYHnMs36RmARn41bC0AZmn+rR0OVpQ==}
    engines: {node: ^10 || ^12 || >=14}

  postcss@8.5.3:
    resolution: {integrity: sha512-dle9A3yYxlBSrt8Fu+IpjGT8SY8hN0mlaA6GY8t0P5PjIOZemULz/E2Bnm/2dcUOena75OTNkHI76uZBNUUq3A==}
    engines: {node: ^10 || ^12 || >=14}

  punycode@2.3.1:
    resolution: {integrity: sha512-vYt7UD1U9Wg6138shLtLOvdAu+8DsC/ilFtEVHcH+wydcSpNE20AfSOduf6MkRFahL5FY7X1oU7nKVZFtfq8Fg==}
    engines: {node: '>=6'}

  pvtsutils@1.3.6:
    resolution: {integrity: sha512-PLgQXQ6H2FWCaeRak8vvk1GW462lMxB5s3Jm673N82zI4vqtVUPuZdffdZbPDFRoU8kAhItWFtPCWiPpp4/EDg==}

  pvutils@1.1.3:
    resolution: {integrity: sha512-pMpnA0qRdFp32b1sJl1wOJNxZLQ2cbQx+k6tjNtZ8CpvVhNqEPRgivZ2WOUev2YMajecdH7ctUPDvEe87nariQ==}
    engines: {node: '>=6.0.0'}

  qs@6.14.0:
    resolution: {integrity: sha512-YWWTjgABSKcvs/nWBi9PycY/JiPJqOD4JA6o9Sej2AtvSGarXxKC3OQSk4pAarbdQlKAh5D4FCQkJNkW+GAn3w==}
    engines: {node: '>=0.6'}

  react-dom@19.1.0:
    resolution: {integrity: sha512-Xs1hdnE+DyKgeHJeJznQmYMIBG3TKIHJJT95Q58nHLSrElKlGQqDTR2HQ9fx5CN/Gk6Vh/kupBTDLU11/nDk/g==}
    peerDependencies:
      react: ^19.1.0

  react@19.1.0:
    resolution: {integrity: sha512-FS+XFBNvn3GTAWq26joslQgWNoFu08F4kl0J4CgdNKADkdSGXQyTCnKteIAJy96Br6YbpEU1LSzV5dYtjMkMDg==}
    engines: {node: '>=0.10.0'}

  rou3@0.5.1:
    resolution: {integrity: sha512-OXMmJ3zRk2xeXFGfA3K+EOPHC5u7RDFG7lIOx0X1pdnhUkI8MdVrbV+sNsD80ElpUZ+MRHdyxPnFthq9VHs8uQ==}

  scheduler@0.26.0:
    resolution: {integrity: sha512-NlHwttCI/l5gCPR3D1nNXtWABUmBwvZpEQiD4IXSbIDq8BzLIK/7Ir5gTFSGZDUu37K5cMNp0hFtzO38sC7gWA==}

  semver@7.7.2:
    resolution: {integrity: sha512-RF0Fw+rO5AMf9MAyaRXI4AV0Ulj5lMHqVxxdSgiVbixSCXoEmmX/jk0CuJw4+3SqroYO9VoUh+HcuJivvtJemA==}
    engines: {node: '>=10'}
    hasBin: true

  set-cookie-parser@2.7.1:
    resolution: {integrity: sha512-IOc8uWeOZgnb3ptbCURJWNjWUPcO3ZnTTdzsurqERrP6nPyv+paC55vJM0LpOlT2ne+Ix+9+CRG1MNLlyZ4GjQ==}

  sharp@0.34.3:
    resolution: {integrity: sha512-eX2IQ6nFohW4DbvHIOLRB3MHFpYqaqvXd3Tp5e/T/dSH83fxaNJQRvDMhASmkNTsNTVF2/OOopzRCt7xokgPfg==}
    engines: {node: ^18.17.0 || ^20.3.0 || >=21.0.0}

  side-channel-list@1.0.0:
    resolution: {integrity: sha512-FCLHtRD/gnpCiCHEiJLOwdmFP+wzCmDEkc9y7NsYxeF4u7Btsn1ZuwgwJGxImImHicJArLP4R0yX4c2KCrMrTA==}
    engines: {node: '>= 0.4'}

  side-channel-map@1.0.1:
    resolution: {integrity: sha512-VCjCNfgMsby3tTdo02nbjtM/ewra6jPHmpThenkTYh8pG9ucZ/1P8So4u4FGBek/BjpOVsDCMoLA/iuBKIFXRA==}
    engines: {node: '>= 0.4'}

  side-channel-weakmap@1.0.2:
    resolution: {integrity: sha512-WPS/HvHQTYnHisLo9McqBHOJk2FkHO/tlpvldyrnem4aeQp4hai3gythswg6p01oSoTl58rcpiFAjF2br2Ak2A==}
    engines: {node: '>= 0.4'}

  side-channel@1.1.0:
    resolution: {integrity: sha512-ZX99e6tRweoUXqR+VBrslhda51Nh5MTQwou5tnUDgbtyM0dBgmhEDtWGP/xbKn6hqfPRHujUNwz5fy/wbbhnpw==}
    engines: {node: '>= 0.4'}

  simple-swizzle@0.2.2:
    resolution: {integrity: sha512-JA//kQgZtbuY83m+xT+tXJkmJncGMTFT+C+g2h2R9uxkYIrE2yy9sgmcLhCnw57/WSD+Eh3J97FPEDFnbXnDUg==}

  source-map-js@1.2.1:
    resolution: {integrity: sha512-UXWMKhLOwVKb728IUtQPXxfYU+usdybtUrK/8uGE8CQMvrhOpwvzDBwj0QhSL7MQc7vIsISBG8VQ8+IDQxpfQA==}
    engines: {node: '>=0.10.0'}

  sparse-bitfield@3.0.3:
    resolution: {integrity: sha512-kvzhi7vqKTfkh0PZU+2D2PIllw2ymqJKujUcyPMd9Y75Nv4nPbGJZXNhxsgdQab2BmlDct1YnfQCguEvHr7VsQ==}

  stripe@17.7.0:
    resolution: {integrity: sha512-aT2BU9KkizY9SATf14WhhYVv2uOapBWX0OFWF4xvcj1mPaNotlSc2CsxpS4DS46ZueSppmCF5BX1sNYBtwBvfw==}
    engines: {node: '>=12.*'}

  styled-jsx@5.1.6:
    resolution: {integrity: sha512-qSVyDTeMotdvQYoHWLNGwRFJHC+i+ZvdBRYosOFgC+Wg1vx4frN2/RG/NA7SYqqvKNLf39P2LSRA2pu6n0XYZA==}
    engines: {node: '>= 12.0.0'}
    peerDependencies:
      '@babel/core': '*'
      babel-plugin-macros: '*'
      react: '>= 16.8.0 || 17.x.x || ^18.0.0-0 || ^19.0.0-0'
    peerDependenciesMeta:
      '@babel/core':
        optional: true
      babel-plugin-macros:
        optional: true

  tailwindcss@4.1.5:
    resolution: {integrity: sha512-nYtSPfWGDiWgCkwQG/m+aX83XCwf62sBgg3bIlNiiOcggnS1x3uVRDAuyelBFL+vJdOPPCGElxv9DjHJjRHiVA==}

  tapable@2.2.1:
    resolution: {integrity: sha512-GNzQvQTOIP6RyTfE2Qxb8ZVlNmw0n88vp1szwWRimP02mnTsx3Wtn5qRdqY9w2XduFNUgvOwhNnQsjwCp+kqaQ==}
    engines: {node: '>=6'}

  tr46@5.1.1:
    resolution: {integrity: sha512-hdF5ZgjTqgAntKkklYw0R03MG2x/bSzTtkxmIRw/sTNV8YXsCJ1tfLAX23lhxhHJlEf3CRCOCGGWw3vI3GaSPw==}
    engines: {node: '>=18'}

  tslib@2.8.1:
    resolution: {integrity: sha512-oJFu94HQb+KVduSUQL7wnpmqnfmLsOA/nAh6b6EH0wCEoK0/mPeXU6c3wKDV83MkOuHPRHtSXKKU99IBazS/2w==}

  typescript@5.8.3:
    resolution: {integrity: sha512-p1diW6TqL9L07nNxvRMM7hMMw4c5XOo/1ibL4aAIGmSAt9slTE1Xgw5KWuof2uTOvCg9BY7ZRi+GaF+7sfgPeQ==}
    engines: {node: '>=14.17'}
    hasBin: true

  uncrypto@0.1.3:
    resolution: {integrity: sha512-Ql87qFHB3s/De2ClA9e0gsnS6zXG27SkTiSJwjCc9MebbfapQfuPzumMIUMi38ezPZVNFcHI9sUIepeQfw8J8Q==}

  undici-types@6.19.8:
    resolution: {integrity: sha512-ve2KP6f/JnbPBFyobGHuerC9g1FYGn/F8n1LWTwNxCEzd6IfqTwUQcNXgEtmmQ6DlRrC1hrSrBnCZPokRrDHjw==}

  webidl-conversions@7.0.0:
    resolution: {integrity: sha512-VwddBukDzu71offAQR975unBIGqfKZpM+8ZX6ySk8nYhVoo5CYaZyzt3YBvYtRtO+aoGlqxPg/B87NGVZ/fu6g==}
    engines: {node: '>=12'}

  whatwg-url@14.2.0:
    resolution: {integrity: sha512-De72GdQZzNTUBBChsXueQUnPKDkg/5A5zp7pFDuQAj5UFoENpiACU0wlCvzpAGnTkj++ihpKwKyYewn/XNUbKw==}
    engines: {node: '>=18'}

  zod@3.24.3:
    resolution: {integrity: sha512-HhY1oqzWCQWuUqvBFnsyrtZRhyPeR7SUGv+C4+MsisMuVfSPx8HpwWqH8tRahSlt6M3PiFAcoeFhZAqIXTxoSg==}

snapshots:

  '@alloc/quick-lru@5.2.0': {}

  '@better-auth/stripe@1.2.7':
    dependencies:
      better-auth: 1.2.7
      zod: 3.24.3

  '@better-auth/utils@0.2.4':
    dependencies:
      typescript: 5.8.3
      uncrypto: 0.1.3

  '@better-fetch/fetch@1.1.18': {}

  '@emnapi/runtime@1.5.0':
    dependencies:
      tslib: 2.8.1
    optional: true

  '@hexagon/base64@1.1.28': {}

  '@img/sharp-darwin-arm64@0.34.3':
    optionalDependencies:
      '@img/sharp-libvips-darwin-arm64': 1.2.0
    optional: true

  '@img/sharp-darwin-x64@0.34.3':
    optionalDependencies:
      '@img/sharp-libvips-darwin-x64': 1.2.0
    optional: true

  '@img/sharp-libvips-darwin-arm64@1.2.0':
    optional: true

  '@img/sharp-libvips-darwin-x64@1.2.0':
    optional: true

  '@img/sharp-libvips-linux-arm64@1.2.0':
    optional: true

  '@img/sharp-libvips-linux-arm@1.2.0':
    optional: true

  '@img/sharp-libvips-linux-ppc64@1.2.0':
    optional: true

  '@img/sharp-libvips-linux-s390x@1.2.0':
    optional: true

  '@img/sharp-libvips-linux-x64@1.2.0':
    optional: true

  '@img/sharp-libvips-linuxmusl-arm64@1.2.0':
    optional: true

  '@img/sharp-libvips-linuxmusl-x64@1.2.0':
    optional: true

  '@img/sharp-linux-arm64@0.34.3':
    optionalDependencies:
      '@img/sharp-libvips-linux-arm64': 1.2.0
    optional: true

  '@img/sharp-linux-arm@0.34.3':
    optionalDependencies:
      '@img/sharp-libvips-linux-arm': 1.2.0
    optional: true

  '@img/sharp-linux-ppc64@0.34.3':
    optionalDependencies:
      '@img/sharp-libvips-linux-ppc64': 1.2.0
    optional: true

  '@img/sharp-linux-s390x@0.34.3':
    optionalDependencies:
      '@img/sharp-libvips-linux-s390x': 1.2.0
    optional: true

  '@img/sharp-linux-x64@0.34.3':
    optionalDependencies:
      '@img/sharp-libvips-linux-x64': 1.2.0
    optional: true

  '@img/sharp-linuxmusl-arm64@0.34.3':
    optionalDependencies:
      '@img/sharp-libvips-linuxmusl-arm64': 1.2.0
    optional: true

  '@img/sharp-linuxmusl-x64@0.34.3':
    optionalDependencies:
      '@img/sharp-libvips-linuxmusl-x64': 1.2.0
    optional: true

  '@img/sharp-wasm32@0.34.3':
    dependencies:
      '@emnapi/runtime': 1.5.0
    optional: true

  '@img/sharp-win32-arm64@0.34.3':
    optional: true

  '@img/sharp-win32-ia32@0.34.3':
    optional: true

  '@img/sharp-win32-x64@0.34.3':
    optional: true

  '@levischuck/tiny-cbor@0.2.11': {}

  '@mongodb-js/saslprep@1.2.2':
    dependencies:
      sparse-bitfield: 3.0.3

  '@next/env@15.4.7': {}

  '@next/swc-darwin-arm64@15.4.7':
    optional: true

  '@next/swc-darwin-x64@15.4.7':
    optional: true

  '@next/swc-linux-arm64-gnu@15.4.7':
    optional: true

  '@next/swc-linux-arm64-musl@15.4.7':
    optional: true

  '@next/swc-linux-x64-gnu@15.4.7':
    optional: true

  '@next/swc-linux-x64-musl@15.4.7':
    optional: true

  '@next/swc-win32-arm64-msvc@15.4.7':
    optional: true

  '@next/swc-win32-x64-msvc@15.4.7':
    optional: true

  '@noble/ciphers@0.6.0': {}

  '@noble/hashes@1.8.0': {}

  '@peculiar/asn1-android@2.3.16':
    dependencies:
      '@peculiar/asn1-schema': 2.3.15
      asn1js: 3.0.6
      tslib: 2.8.1

  '@peculiar/asn1-ecc@2.3.15':
    dependencies:
      '@peculiar/asn1-schema': 2.3.15
      '@peculiar/asn1-x509': 2.3.15
      asn1js: 3.0.6
      tslib: 2.8.1

  '@peculiar/asn1-rsa@2.3.15':
    dependencies:
      '@peculiar/asn1-schema': 2.3.15
      '@peculiar/asn1-x509': 2.3.15
      asn1js: 3.0.6
      tslib: 2.8.1

  '@peculiar/asn1-schema@2.3.15':
    dependencies:
      asn1js: 3.0.6
      pvtsutils: 1.3.6
      tslib: 2.8.1

  '@peculiar/asn1-x509@2.3.15':
    dependencies:
      '@peculiar/asn1-schema': 2.3.15
      asn1js: 3.0.6
      pvtsutils: 1.3.6
      tslib: 2.8.1

  '@simplewebauthn/browser@13.1.0': {}

  '@simplewebauthn/server@13.1.1':
    dependencies:
      '@hexagon/base64': 1.1.28
      '@levischuck/tiny-cbor': 0.2.11
      '@peculiar/asn1-android': 2.3.16
      '@peculiar/asn1-ecc': 2.3.15
      '@peculiar/asn1-rsa': 2.3.15
      '@peculiar/asn1-schema': 2.3.15
      '@peculiar/asn1-x509': 2.3.15

  '@swc/helpers@0.5.15':
    dependencies:
      tslib: 2.8.1

  '@tailwindcss/node@4.1.5':
    dependencies:
      enhanced-resolve: 5.18.1
      jiti: 2.4.2
      lightningcss: 1.29.2
      tailwindcss: 4.1.5

  '@tailwindcss/oxide-android-arm64@4.1.5':
    optional: true

  '@tailwindcss/oxide-darwin-arm64@4.1.5':
    optional: true

  '@tailwindcss/oxide-darwin-x64@4.1.5':
    optional: true

  '@tailwindcss/oxide-freebsd-x64@4.1.5':
    optional: true

  '@tailwindcss/oxide-linux-arm-gnueabihf@4.1.5':
    optional: true

  '@tailwindcss/oxide-linux-arm64-gnu@4.1.5':
    optional: true

  '@tailwindcss/oxide-linux-arm64-musl@4.1.5':
    optional: true

  '@tailwindcss/oxide-linux-x64-gnu@4.1.5':
    optional: true

  '@tailwindcss/oxide-linux-x64-musl@4.1.5':
    optional: true

  '@tailwindcss/oxide-wasm32-wasi@4.1.5':
    optional: true

  '@tailwindcss/oxide-win32-arm64-msvc@4.1.5':
    optional: true

  '@tailwindcss/oxide-win32-x64-msvc@4.1.5':
    optional: true

  '@tailwindcss/oxide@4.1.5':
    optionalDependencies:
      '@tailwindcss/oxide-android-arm64': 4.1.5
      '@tailwindcss/oxide-darwin-arm64': 4.1.5
      '@tailwindcss/oxide-darwin-x64': 4.1.5
      '@tailwindcss/oxide-freebsd-x64': 4.1.5
      '@tailwindcss/oxide-linux-arm-gnueabihf': 4.1.5
      '@tailwindcss/oxide-linux-arm64-gnu': 4.1.5
      '@tailwindcss/oxide-linux-arm64-musl': 4.1.5
      '@tailwindcss/oxide-linux-x64-gnu': 4.1.5
      '@tailwindcss/oxide-linux-x64-musl': 4.1.5
      '@tailwindcss/oxide-wasm32-wasi': 4.1.5
      '@tailwindcss/oxide-win32-arm64-msvc': 4.1.5
      '@tailwindcss/oxide-win32-x64-msvc': 4.1.5

  '@tailwindcss/postcss@4.1.5':
    dependencies:
      '@alloc/quick-lru': 5.2.0
      '@tailwindcss/node': 4.1.5
      '@tailwindcss/oxide': 4.1.5
      postcss: 8.5.3
      tailwindcss: 4.1.5

  '@types/node@20.17.32':
    dependencies:
      undici-types: 6.19.8

  '@types/react-dom@19.1.3(@types/react@19.1.2)':
    dependencies:
      '@types/react': 19.1.2

  '@types/react@19.1.2':
    dependencies:
      csstype: 3.1.3

  '@types/webidl-conversions@7.0.3': {}

  '@types/whatwg-url@11.0.5':
    dependencies:
      '@types/webidl-conversions': 7.0.3

  asn1js@3.0.6:
    dependencies:
      pvtsutils: 1.3.6
      pvutils: 1.1.3
      tslib: 2.8.1

  better-auth@1.2.7:
    dependencies:
      '@better-auth/utils': 0.2.4
      '@better-fetch/fetch': 1.1.18
      '@noble/ciphers': 0.6.0
      '@noble/hashes': 1.8.0
      '@simplewebauthn/browser': 13.1.0
      '@simplewebauthn/server': 13.1.1
      better-call: 1.0.9
      defu: 6.1.4
      jose: 5.10.0
      kysely: 0.27.6
      nanostores: 0.11.4
      zod: 3.24.3

  better-call@1.0.9:
    dependencies:
      '@better-fetch/fetch': 1.1.18
      rou3: 0.5.1
      set-cookie-parser: 2.7.1
      uncrypto: 0.1.3

  bson@6.10.3: {}

  call-bind-apply-helpers@1.0.2:
    dependencies:
      es-errors: 1.3.0
      function-bind: 1.1.2

  call-bound@1.0.4:
    dependencies:
      call-bind-apply-helpers: 1.0.2
      get-intrinsic: 1.3.0

  caniuse-lite@1.0.30001737: {}

  client-only@0.0.1: {}

  color-convert@2.0.1:
    dependencies:
      color-name: 1.1.4
    optional: true

  color-name@1.1.4:
    optional: true

  color-string@1.9.1:
    dependencies:
      color-name: 1.1.4
      simple-swizzle: 0.2.2
    optional: true

  color@4.2.3:
    dependencies:
      color-convert: 2.0.1
      color-string: 1.9.1
    optional: true

  csstype@3.1.3: {}

  defu@6.1.4: {}

  detect-libc@2.0.4: {}

  dunder-proto@1.0.1:
    dependencies:
      call-bind-apply-helpers: 1.0.2
      es-errors: 1.3.0
      gopd: 1.2.0

  enhanced-resolve@5.18.1:
    dependencies:
      graceful-fs: 4.2.11
      tapable: 2.2.1

  es-define-property@1.0.1: {}

  es-errors@1.3.0: {}

  es-object-atoms@1.1.1:
    dependencies:
      es-errors: 1.3.0

  function-bind@1.1.2: {}

  get-intrinsic@1.3.0:
    dependencies:
      call-bind-apply-helpers: 1.0.2
      es-define-property: 1.0.1
      es-errors: 1.3.0
      es-object-atoms: 1.1.1
      function-bind: 1.1.2
      get-proto: 1.0.1
      gopd: 1.2.0
      has-symbols: 1.1.0
      hasown: 2.0.2
      math-intrinsics: 1.1.0

  get-proto@1.0.1:
    dependencies:
      dunder-proto: 1.0.1
      es-object-atoms: 1.1.1

  gopd@1.2.0: {}

  graceful-fs@4.2.11: {}

  has-symbols@1.1.0: {}

  hasown@2.0.2:
    dependencies:
      function-bind: 1.1.2

  is-arrayish@0.3.2:
    optional: true

  jiti@2.4.2: {}

  jose@5.10.0: {}

  kysely@0.27.6: {}

  lightningcss-darwin-arm64@1.29.2:
    optional: true

  lightningcss-darwin-x64@1.29.2:
    optional: true

  lightningcss-freebsd-x64@1.29.2:
    optional: true

  lightningcss-linux-arm-gnueabihf@1.29.2:
    optional: true

  lightningcss-linux-arm64-gnu@1.29.2:
    optional: true

  lightningcss-linux-arm64-musl@1.29.2:
    optional: true

  lightningcss-linux-x64-gnu@1.29.2:
    optional: true

  lightningcss-linux-x64-musl@1.29.2:
    optional: true

  lightningcss-win32-arm64-msvc@1.29.2:
    optional: true

  lightningcss-win32-x64-msvc@1.29.2:
    optional: true

  lightningcss@1.29.2:
    dependencies:
      detect-libc: 2.0.4
    optionalDependencies:
      lightningcss-darwin-arm64: 1.29.2
      lightningcss-darwin-x64: 1.29.2
      lightningcss-freebsd-x64: 1.29.2
      lightningcss-linux-arm-gnueabihf: 1.29.2
      lightningcss-linux-arm64-gnu: 1.29.2
      lightningcss-linux-arm64-musl: 1.29.2
      lightningcss-linux-x64-gnu: 1.29.2
      lightningcss-linux-x64-musl: 1.29.2
      lightningcss-win32-arm64-msvc: 1.29.2
      lightningcss-win32-x64-msvc: 1.29.2

  math-intrinsics@1.1.0: {}

  memory-pager@1.5.0: {}

  mongodb-connection-string-url@3.0.2:
    dependencies:
      '@types/whatwg-url': 11.0.5
      whatwg-url: 14.2.0

  mongodb@6.16.0:
    dependencies:
      '@mongodb-js/saslprep': 1.2.2
      bson: 6.10.3
      mongodb-connection-string-url: 3.0.2

  nanoid@3.3.11: {}

  nanostores@0.11.4: {}

  next@15.4.7(react-dom@19.1.0(react@19.1.0))(react@19.1.0):
    dependencies:
      '@next/env': 15.4.7
      '@swc/helpers': 0.5.15
      caniuse-lite: 1.0.30001737
      postcss: 8.4.31
      react: 19.1.0
      react-dom: 19.1.0(react@19.1.0)
      styled-jsx: 5.1.6(react@19.1.0)
    optionalDependencies:
      '@next/swc-darwin-arm64': 15.4.7
      '@next/swc-darwin-x64': 15.4.7
      '@next/swc-linux-arm64-gnu': 15.4.7
      '@next/swc-linux-arm64-musl': 15.4.7
      '@next/swc-linux-x64-gnu': 15.4.7
      '@next/swc-linux-x64-musl': 15.4.7
      '@next/swc-win32-arm64-msvc': 15.4.7
      '@next/swc-win32-x64-msvc': 15.4.7
      sharp: 0.34.3
    transitivePeerDependencies:
      - '@babel/core'
      - babel-plugin-macros

  object-inspect@1.13.4: {}

  picocolors@1.1.1: {}

  postcss@8.4.31:
    dependencies:
      nanoid: 3.3.11
      picocolors: 1.1.1
      source-map-js: 1.2.1

  postcss@8.5.3:
    dependencies:
      nanoid: 3.3.11
      picocolors: 1.1.1
      source-map-js: 1.2.1

  punycode@2.3.1: {}

  pvtsutils@1.3.6:
    dependencies:
      tslib: 2.8.1

  pvutils@1.1.3: {}

  qs@6.14.0:
    dependencies:
      side-channel: 1.1.0

  react-dom@19.1.0(react@19.1.0):
    dependencies:
      react: 19.1.0
      scheduler: 0.26.0

  react@19.1.0: {}

  rou3@0.5.1: {}

  scheduler@0.26.0: {}

  semver@7.7.2:
    optional: true

  set-cookie-parser@2.7.1: {}

  sharp@0.34.3:
    dependencies:
      color: 4.2.3
      detect-libc: 2.0.4
      semver: 7.7.2
    optionalDependencies:
      '@img/sharp-darwin-arm64': 0.34.3
      '@img/sharp-darwin-x64': 0.34.3
      '@img/sharp-libvips-darwin-arm64': 1.2.0
      '@img/sharp-libvips-darwin-x64': 1.2.0
      '@img/sharp-libvips-linux-arm': 1.2.0
      '@img/sharp-libvips-linux-arm64': 1.2.0
      '@img/sharp-libvips-linux-ppc64': 1.2.0
      '@img/sharp-libvips-linux-s390x': 1.2.0
      '@img/sharp-libvips-linux-x64': 1.2.0
      '@img/sharp-libvips-linuxmusl-arm64': 1.2.0
      '@img/sharp-libvips-linuxmusl-x64': 1.2.0
      '@img/sharp-linux-arm': 0.34.3
      '@img/sharp-linux-arm64': 0.34.3
      '@img/sharp-linux-ppc64': 0.34.3
      '@img/sharp-linux-s390x': 0.34.3
      '@img/sharp-linux-x64': 0.34.3
      '@img/sharp-linuxmusl-arm64': 0.34.3
      '@img/sharp-linuxmusl-x64': 0.34.3
      '@img/sharp-wasm32': 0.34.3
      '@img/sharp-win32-arm64': 0.34.3
      '@img/sharp-win32-ia32': 0.34.3
      '@img/sharp-win32-x64': 0.34.3
    optional: true

  side-channel-list@1.0.0:
    dependencies:
      es-errors: 1.3.0
      object-inspect: 1.13.4

  side-channel-map@1.0.1:
    dependencies:
      call-bound: 1.0.4
      es-errors: 1.3.0
      get-intrinsic: 1.3.0
      object-inspect: 1.13.4

  side-channel-weakmap@1.0.2:
    dependencies:
      call-bound: 1.0.4
      es-errors: 1.3.0
      get-intrinsic: 1.3.0
      object-inspect: 1.13.4
      side-channel-map: 1.0.1

  side-channel@1.1.0:
    dependencies:
      es-errors: 1.3.0
      object-inspect: 1.13.4
      side-channel-list: 1.0.0
      side-channel-map: 1.0.1
      side-channel-weakmap: 1.0.2

  simple-swizzle@0.2.2:
    dependencies:
      is-arrayish: 0.3.2
    optional: true

  source-map-js@1.2.1: {}

  sparse-bitfield@3.0.3:
    dependencies:
      memory-pager: 1.5.0

  stripe@17.7.0:
    dependencies:
      '@types/node': 20.17.32
      qs: 6.14.0

  styled-jsx@5.1.6(react@19.1.0):
    dependencies:
      client-only: 0.0.1
      react: 19.1.0

  tailwindcss@4.1.5: {}

  tapable@2.2.1: {}

  tr46@5.1.1:
    dependencies:
      punycode: 2.3.1

  tslib@2.8.1: {}

  typescript@5.8.3: {}

  uncrypto@0.1.3: {}

  undici-types@6.19.8: {}

  webidl-conversions@7.0.0: {}

  whatwg-url@14.2.0:
    dependencies:
      tr46: 5.1.1
      webidl-conversions: 7.0.0

  zod@3.24.3: {}
